{
  "name": "backend",
  "lockfileVersion": 3,
  "requires": true,
  "packages": {
    "": {
      "dependencies": {
        "openai": "^6.9.1",
        "systeminformation": "^5.27.11"
      }
    },
    "node_modules/openai": {
      "version": "6.9.1",
      "resolved": "https://registry.npmjs.org/openai/-/openai-6.9.1.tgz",
      "integrity": "sha512-vQ5Rlt0ZgB3/BNmTa7bIijYFhz3YBceAA3Z4JuoMSBftBF9YqFHIEhZakSs+O/Ad7EaoEimZvHxD5ylRjN11Lg==",
      "license": "Apache-2.0",
      "bin": {
        "openai": "bin/cli"
      },
      "peerDependencies": {
        "ws": "^8.18.0",
        "zod": "^3.25 || ^4.0"
      },
      "peerDependenciesMeta": {
        "ws": {
          "optional": true
        },
        "zod": {
          "optional": true
        }
      }
    },
    "node_modules/systeminformation": {
      "version": "5.27.11",
      "resolved": "https://registry.npmjs.org/systeminformation/-/systeminformation-5.27.11.tgz",
      "integrity": "sha512-K3Lto/2m3K2twmKHdgx5B+0in9qhXK4YnoT9rIlgwN/4v7OV5c8IjbeAUkuky/6VzCQC7iKCAqi8rZathCdjHg==",
      "license": "MIT",
      "os": [
        "darwin",
        "linux",
        "win32",
        "freebsd",
        "openbsd",
        "netbsd",
        "sunos",
        "android"
      ],
      "bin": {
        "systeminformation": "lib/cli.js"
      },
      "engines": {
        "node": ">=8.0.0"
      },
      "funding": {
        "type": "Buy me a coffee",
        "url": "https://www.buymeacoffee.com/systeminfo"
      }
    }
  }
}
